// !$*UTF8*$!
{
	archiveVersion = 1;
	classes = {
	};
	objectVersion = 50;
	objects = {

/* Begin PBXBuildFile section */
		742ABF012367AB3700475C8D /* TestDB.db in Resources */ = {isa = PBXBuildFile; fileRef = 742ABF002367AB3600475C8D /* TestDB.db */; };
		742ABF092367E17A00475C8D /* SceneDelegate.swift in Sources */ = {isa = PBXBuildFile; fileRef = 742ABF082367E17A00475C8D /* SceneDelegate.swift */; };
		742EFBC22364E85A00345DAC /* AppDelegate.swift in Sources */ = {isa = PBXBuildFile; fileRef = 742EFBC12364E85A00345DAC /* AppDelegate.swift */; };
		742EFBC62364E85A00345DAC /* ViewController.swift in Sources */ = {isa = PBXBuildFile; fileRef = 742EFBC52364E85A00345DAC /* ViewController.swift */; };
		742EFBC92364E85A00345DAC /* Main.storyboard in Resources */ = {isa = PBXBuildFile; fileRef = 742EFBC72364E85A00345DAC /* Main.storyboard */; };
		742EFBCB2364E86000345DAC /* Assets.xcassets in Resources */ = {isa = PBXBuildFile; fileRef = 742EFBCA2364E86000345DAC /* Assets.xcassets */; };
		742EFBCE2364E86000345DAC /* LaunchScreen.storyboard in Resources */ = {isa = PBXBuildFile; fileRef = 742EFBCC2364E86000345DAC /* LaunchScreen.storyboard */; };
		743E009D236B839D00DC71A0 /* fnSICyA.swift in Sources */ = {isa = PBXBuildFile; fileRef = 743E009C236B839C00DC71A0 /* fnSICyA.swift */; };
/* End PBXBuildFile section */

/* Begin PBXFileReference section */
		742ABF002367AB3600475C8D /* TestDB.db */ = {isa = PBXFileReference; fileEncoding = 4; lastKnownFileType = file; path = TestDB.db; sourceTree = "<group>"; };
		742ABF082367E17A00475C8D /* SceneDelegate.swift */ = {isa = PBXFileReference; fileEncoding = 4; lastKnownFileType = sourcecode.swift; path = SceneDelegate.swift; sourceTree = "<group>"; };
		742EFBBE2364E85A00345DAC /* TestSQLite.app */ = {isa = PBXFileReference; explicitFileType = wrapper.application; includeInIndex = 0; path = TestSQLite.app; sourceTree = BUILT_PRODUCTS_DIR; };
		742EFBC12364E85A00345DAC /* AppDelegate.swift */ = {isa = PBXFileReference; lastKnownFileType = sourcecode.swift; path = AppDelegate.swift; sourceTree = "<group>"; };
		742EFBC52364E85A00345DAC /* ViewController.swift */ = {isa = PBXFileReference; lastKnownFileType = sourcecode.swift; path = ViewController.swift; sourceTree = "<group>"; };
		742EFBC82364E85A00345DAC /* Base */ = {isa = PBXFileReference; lastKnownFileType = file.storyboard; name = Base; path = Base.lproj/Main.storyboard; sourceTree = "<group>"; };
		742EFBCA2364E86000345DAC /* Assets.xcassets */ = {isa = PBXFileReference; lastKnownFileType = folder.assetcatalog; path = Assets.xcassets; sourceTree = "<group>"; };
		742EFBCD2364E86000345DAC /* Base */ = {isa = PBXFileReference; lastKnownFileType = file.storyboard; name = Base; path = Base.lproj/LaunchScreen.storyboard; sourceTree = "<group>"; };
		742EFBCF2364E86000345DAC /* Info.plist */ = {isa = PBXFileReference; lastKnownFileType = text.plist.xml; path = Info.plist; sourceTree = "<group>"; };
		743E009C236B839C00DC71A0 /* fnSICyA.swift */ = {isa = PBXFileReference; fileEncoding = 4; lastKnownFileType = sourcecode.swift; path = fnSICyA.swift; sourceTree = "<group>"; };
/* End PBXFileReference section */

/* Begin PBXFrameworksBuildPhase section */
		742EFBBB2364E85A00345DAC /* Frameworks */ = {
			isa = PBXFrameworksBuildPhase;
			buildActionMask = 2147483647;
			files = (
			);
			runOnlyForDeploymentPostprocessing = 0;
		};
/* End PBXFrameworksBuildPhase section */

/* Begin PBXGroup section */
		742EFBB52364E85A00345DAC = {
			isa = PBXGroup;
			children = (
				742ABF002367AB3600475C8D /* TestDB.db */,
				742EFBC02364E85A00345DAC /* TestSQLite */,
				742EFBBF2364E85A00345DAC /* Products */,
			);
			sourceTree = "<group>";
		};
		742EFBBF2364E85A00345DAC /* Products */ = {
			isa = PBXGroup;
			children = (
				742EFBBE2364E85A00345DAC /* TestSQLite.app */,
			);
			name = Products;
			sourceTree = "<group>";
		};
		742EFBC02364E85A00345DAC /* TestSQLite */ = {
			isa = PBXGroup;
			children = (
				743E009C236B839C00DC71A0 /* fnSICyA.swift */,
				742EFBC12364E85A00345DAC /* AppDelegate.swift */,
				742ABF082367E17A00475C8D /* SceneDelegate.swift */,
				742EFBC52364E85A00345DAC /* ViewController.swift */,
				742EFBC72364E85A00345DAC /* Main.storyboard */,
				742EFBCA2364E86000345DAC /* Assets.xcassets */,
				742EFBCC2364E86000345DAC /* LaunchScreen.storyboard */,
				742EFBCF2364E86000345DAC /* Info.plist */,
			);
			path = TestSQLite;
			sourceTree = "<group>";
		};
/* End PBXGroup section */

/* Begin PBXNativeTarget section */
		742EFBBD2364E85A00345DAC /* TestSQLite */ = {
			isa = PBXNativeTarget;
			buildConfigurationList = 742EFBD22364E86000345DAC /* Build configuration list for PBXNativeTarget "TestSQLite" */;
			buildPhases = (
				742EFBBA2364E85A00345DAC /* Sources */,
				742EFBBB2364E85A00345DAC /* Frameworks */,
				742EFBBC2364E85A00345DAC /* Resources */,
			);
			buildRules = (
			);
			dependencies = (
			);
			name = TestSQLite;
			productName = TestSQLite;
			productReference = 742EFBBE2364E85A00345DAC /* TestSQLite.app */;
			productType = "com.apple.product-type.application";
		};
/* End PBXNativeTarget section */

/* Begin PBXProject section */
		742EFBB62364E85A00345DAC /* Project object */ = {
			isa = PBXProject;
			attributes = {
				LastSwiftUpdateCheck = 1110;
				LastUpgradeCheck = 1110;
				ORGANIZATIONNAME = "SICyA Software SAS";
				TargetAttributes = {
					742EFBBD2364E85A00345DAC = {
						CreatedOnToolsVersion = 11.1;
					};
				};
			};
			buildConfigurationList = 742EFBB92364E85A00345DAC /* Build configuration list for PBXProject "TestSQLite" */;
			compatibilityVersion = "Xcode 9.3";
			developmentRegion = en;
			hasScannedForEncodings = 0;
			knownRegions = (
				en,
				Base,
			);
			mainGroup = 742EFBB52364E85A00345DAC;
			productRefGroup = 742EFBBF2364E85A00345DAC /* Products */;
			projectDirPath = "";
			projectRoot = "";
			targets = (
				742EFBBD2364E85A00345DAC /* TestSQLite */,
			);
		};
/* End PBXProject section */

/* Begin PBXResourcesBuildPhase section */
		742EFBBC2364E85A00345DAC /* Resources */ = {
			isa = PBXResourcesBuildPhase;
			buildActionMask = 2147483647;
			files = (
				742EFBCE2364E86000345DAC /* LaunchScreen.storyboard in Resources */,
				742EFBCB2364E86000345DAC /* Assets.xcassets in Resources */,
				742EFBC92364E85A00345DAC /* Main.storyboard in Resources */,
				742ABF012367AB3700475C8D /* TestDB.db in Resources */,
			);
			runOnlyForDeploymentPostprocessing = 0;
		};
/* End PBXResourcesBuildPhase section */

/* Begin PBXSourcesBuildPhase section */
		742EFBBA2364E85A00345DAC /* Sources */ = {
			isa = PBXSourcesBuildPhase;
			buildActionMask = 2147483647;
			files = (
				742EFBC62364E85A00345DAC /* ViewController.swift in Sources */,
				743E009D236B839D00DC71A0 /* fnSICyA.swift in Sources */,
				742EFBC22364E85A00345DAC /* AppDelegate.swift in Sources */,
				742ABF092367E17A00475C8D /* SceneDelegate.swift in Sources */,
			);
			runOnlyForDeploymentPostprocessing = 0;
		};
/* End PBXSourcesBuildPhase section */

/* Begin PBXVariantGroup section */
		742EFBC72364E85A00345DAC /* Main.storyboard */ = {
			isa = PBXVariantGroup;
			children = (
				742EFBC82364E85A00345DAC /* Base */,
			);
			name = Main.storyboard;
			sourceTree = "<group>";
		};
		742EFBCC2364E86000345DAC /* LaunchScreen.storyboard */ = {
			isa = PBXVariantGroup;
			children = (
				742EFBCD2364E86000345DAC /* Base */,
			);
			name = LaunchScreen.storyboard;
			sourceTree = "<group>";
		};
/* End PBXVariantGroup section */

/* Begin XCBuildConfiguration section */
		742EFBD02364E86000345DAC /* Debug */ = {
			isa = XCBuildConfiguration;
			buildSettings = {
				ALWAYS_SEARCH_USER_PATHS = NO;
				CLANG_ANALYZER_NONNULL = YES;
				CLANG_ANALYZER_NUMBER_OBJECT_CONVERSION = YES_AGGRESSIVE;
				CLANG_CXX_LANGUAGE_STANDARD = "gnu++14";
				CLANG_CXX_LIBRARY = "libc++";
				CLANG_ENABLE_MODULES = YES;
				CLANG_ENABLE_OBJC_ARC = YES;
				CLANG_ENABLE_OBJC_WEAK = YES;
				CLANG_WARN_BLOCK_CAPTURE_AUTORELEASING = YES;
				CLANG_WARN_BOOL_CONVERSION = YES;
				CLANG_WARN_COMMA = YES;
				CLANG_WARN_CONSTANT_CONVERSION = YES;
				CLANG_WARN_DEPRECATED_OBJC_IMPLEMENTATIONS = YES;
				CLANG_WARN_DIRECT_OBJC_ISA_USAGE = YES_ERROR;
				CLANG_WARN_DOCUMENTATION_COMMENTS = YES;
				CLANG_WARN_EMPTY_BODY = YES;
				CLANG_WARN_ENUM_CONVERSION = YES;
				CLANG_WARN_INFINITE_RECURSION = YES;
				CLANG_WARN_INT_CONVERSION = YES;
				CLANG_WARN_NON_LITERAL_NULL_CONVERSION = YES;
				CLANG_WARN_OBJC_IMPLICIT_RETAIN_SELF = YES;
				CLANG_WARN_OBJC_LITERAL_CONVERSION = YES;
				CLANG_WARN_OBJC_ROOT_CLASS = YES_ERROR;
				CLANG_WARN_RANGE_LOOP_ANALYSIS = YES;
				CLANG_WARN_STRICT_PROTOTYPES = YES;
				CLANG_WARN_SUSPICIOUS_MOVE = YES;
				CLANG_WARN_UNGUARDED_AVAILABILITY = YES_AGGRESSIVE;
				CLANG_WARN_UNREACHABLE_CODE = YES;
				CLANG_WARN__DUPLICATE_METHOD_MATCH = YES;
				COPY_PHASE_STRIP = NO;
				DEBUG_INFORMATION_FORMAT = dwarf;
				ENABLE_STRICT_OBJC_MSGSEND = YES;
				ENABLE_TESTABILITY = YES;
				GCC_C_LANGUAGE_STANDARD = gnu11;
				GCC_DYNAMIC_NO_PIC = NO;
				GCC_NO_COMMON_BLOCKS = YES;
				GCC_OPTIMIZATION_LEVEL = 0;
				GCC_PREPROCESSOR_DEFINITIONS = (
					"DEBUG=1",
					"$(inherited)",
				);
				GCC_WARN_64_TO_32_BIT_CONVERSION = YES;
				GCC_WARN_ABOUT_RETURN_TYPE = YES_ERROR;
				GCC_WARN_UNDECLARED_SELECTOR = YES;
				GCC_WARN_UNINITIALIZED_AUTOS = YES_AGGRESSIVE;
				GCC_WARN_UNUSED_FUNCTION = YES;
				GCC_WARN_UNUSED_VARIABLE = YES;
				IPHONEOS_DEPLOYMENT_TARGET = 13.1;
				MTL_ENABLE_DEBUG_INFO = INCLUDE_SOURCE;
				MTL_FAST_MATH = YES;
				ONLY_ACTIVE_ARCH = YES;
				SDKROOT = iphoneos;
				SWIFT_ACTIVE_COMPILATION_CONDITIONS = DEBUG;
				SWIFT_OPTIMIZATION_LEVEL = "-Onone";
			};
			name = Debug;
		};
		742EFBD12364E86000345DAC /* Release */ = {
			isa = XCBuildConfiguration;
			buildSettings = {
				ALWAYS_SEARCH_USER_PATHS = NO;
				CLANG_ANALYZER_NONNULL = YES;
				CLANG_ANALYZER_NUMBER_OBJECT_CONVERSION = YES_AGGRESSIVE;
				CLANG_CXX_LANGUAGE_STANDARD = "gnu++14";
				CLANG_CXX_LIBRARY = "libc++";
				CLANG_ENABLE_MODULES = YES;
				CLANG_ENABLE_OBJC_ARC = YES;
				CLANG_ENABLE_OBJC_WEAK = YES;
				CLANG_WARN_BLOCK_CAPTURE_AUTORELEASING = YES;
				CLANG_WARN_BOOL_CONVERSION = YES;
				CLANG_WARN_COMMA = YES;
				CLANG_WARN_CONSTANT_CONVERSION = YES;
				CLANG_WARN_DEPRECATED_OBJC_IMPLEMENTATIONS = YES;
				CLANG_WARN_DIRECT_OBJC_ISA_USAGE = YES_ERROR;
				CLANG_WARN_DOCUMENTATION_COMMENTS = YES;
				CLANG_WARN_EMPTY_BODY = YES;
				CLANG_WARN_ENUM_CONVERSION = YES;
				CLANG_WARN_INFINITE_RECURSION = YES;
				CLANG_WARN_INT_CONVERSION = YES;
				CLANG_WARN_NON_LITERAL_NULL_CONVERSION = YES;
				CLANG_WARN_OBJC_IMPLICIT_RETAIN_SELF = YES;
				CLANG_WARN_OBJC_LITERAL_CONVERSION = YES;
				CLANG_WARN_OBJC_ROOT_CLASS = YES_ERROR;
				CLANG_WARN_RANGE_LOOP_ANALYSIS = YES;
				CLANG_WARN_STRICT_PROTOTYPES = YES;
				CLANG_WARN_SUSPICIOUS_MOVE = YES;
				CLANG_WARN_UNGUARDED_AVAILABILITY = YES_AGGRESSIVE;
				CLANG_WARN_UNREACHABLE_CODE = YES;
				CLANG_WARN__DUPLICATE_METHOD_MATCH = YES;
				COPY_PHASE_STRIP = NO;
				DEBUG_INFORMATION_FORMAT = "dwarf-with-dsym";
				ENABLE_NS_ASSERTIONS = NO;
				ENABLE_STRICT_OBJC_MSGSEND = YES;
				GCC_C_LANGUAGE_STANDARD = gnu11;
				GCC_NO_COMMON_BLOCKS = YES;
				GCC_WARN_64_TO_32_BIT_CONVERSION = YES;
				GCC_WARN_ABOUT_RETURN_TYPE = YES_ERROR;
				GCC_WARN_UNDECLARED_SELECTOR = YES;
				GCC_WARN_UNINITIALIZED_AUTOS = YES_AGGRESSIVE;
				GCC_WARN_UNUSED_FUNCTION = YES;
				GCC_WARN_UNUSED_VARIABLE = YES;
				IPHONEOS_DEPLOYMENT_TARGET = 13.1;
				MTL_ENABLE_DEBUG_INFO = NO;
				MTL_FAST_MATH = YES;
				SDKROOT = iphoneos;
				SWIFT_COMPILATION_MODE = wholemodule;
				SWIFT_OPTIMIZATION_LEVEL = "-O";
				VALIDATE_PRODUCT = YES;
			};
			name = Release;
		};
		742EFBD32364E86000345DAC /* Debug */ = {
			isa = XCBuildConfiguration;
			buildSettings = {
				ASSETCATALOG_COMPILER_APPICON_NAME = AppIcon;
				CODE_SIGN_STYLE = Automatic;
				DEVELOPMENT_ASSET_PATHS = "";
				DEVELOPMENT_TEAM = XM727667TA;
				INFOPLIST_FILE = TestSQLite/Info.plist;
				IPHONEOS_DEPLOYMENT_TARGET = 13.0;
				LD_RUNPATH_SEARCH_PATHS = (
					"$(inherited)",
					"@executable_path/Frameworks",
				);
				PRODUCT_BUNDLE_IDENTIFIER = com.sicya.com.TestSQLite;
				PRODUCT_NAME = "$(TARGET_NAME)";
				SWIFT_VERSION = 5.0;
				TARGETED_DEVICE_FAMILY = 1;
			};
			name = Debug;
		};
		742EFBD42364E86000345DAC /* Release */ = {
			isa = XCBuildConfiguration;
			buildSettings = {
				ASSETCATALOG_COMPILER_APPICON_NAME = AppIcon;
				CODE_SIGN_STYLE = Automatic;
				DEVELOPMENT_ASSET_PATHS = "";
				DEVELOPMENT_TEAM = XM727667TA;
				INFOPLIST_FILE = TestSQLite/Info.plist;
				IPHONEOS_DEPLOYMENT_TARGET = 13.0;
				LD_RUNPATH_SEARCH_PATHS = (
					"$(inherited)",
					"@executable_path/Frameworks",
				);
				PRODUCT_BUNDLE_IDENTIFIER = com.sicya.com.TestSQLite;
				PRODUCT_NAME = "$(TARGET_NAME)";
				SWIFT_VERSION = 5.0;
				TARGETED_DEVICE_FAMILY = 1;
			};
			name = Release;
		};
/* End XCBuildConfiguration section */

/* Begin XCConfigurationList section */
		742EFBB92364E85A00345DAC /* Build configuration list for PBXProject "TestSQLite" */ = {
			isa = XCConfigurationList;
			buildConfigurations = (
				742EFBD02364E86000345DAC /* Debug */,
				742EFBD12364E86000345DAC /* Release */,
			);
			defaultConfigurationIsVisible = 0;
			defaultConfigurationName = Release;
		};
		742EFBD22364E86000345DAC /* Build configuration list for PBXNativeTarget "TestSQLite" */ = {
			isa = XCConfigurationList;
			buildConfigurations = (
				742EFBD32364E86000345DAC /* Debug */,
				742EFBD42364E86000345DAC /* Release */,
			);
			defaultConfigurationIsVisible = 0;
			defaultConfigurationName = Release;
		};
/* End XCConfigurationList section */
	};
	rootObject = 742EFBB62364E85A00345DAC /* Project object */;
}
